
Microsoft Visual Studio Solution File, Format Version 12.00
# Visual Studio 15
VisualStudioVersion = 15.0.27004.2006
MinimumVisualStudioVersion = 10.0.40219.1
Project("{FAE04EC0-301F-11D3-BF4B-00C04F79EFBC}") = "Extract Sentences by Keyword", "Extract Sentences by Keyword\Extract Sentences by Keyword.csproj", "{D8A346B1-E2DD-44B2-8F2A-A3F533077BCE}"
EndProject
Global
	GlobalSection(SolutionConfigurationPlatforms) = preSolution
		Debug|Any CPU = Debug|Any CPU
		Release|Any CPU = Release|Any CPU
	EndGlobalSection
	GlobalSection(ProjectConfigurationPlatforms) = postSolution
		{D8A346B1-E2DD-44B2-8F2A-A3F533077BCE}.Debug|Any CPU.ActiveCfg = Debug|Any CPU
		{D8A346B1-E2DD-44B2-8F2A-A3F533077BCE}.Debug|Any CPU.Build.0 = Debug|Any CPU
		{D8A346B1-E2DD-44B2-8F2A-A3F533077BCE}.Release|Any CPU.ActiveCfg = Release|Any CPU
		{D8A346B1-E2DD-44B2-8F2A-A3F533077BCE}.Release|Any CPU.Build.0 = Release|Any CPU
	EndGlobalSection
	GlobalSection(SolutionProperties) = preSolution
		HideSolutionNode = FALSE
	EndGlobalSection
	GlobalSection(ExtensibilityGlobals) = postSolution
		SolutionGuid = {25044642-7CBA-48CD-A87D-39C4F713962D}
	EndGlobalSection
EndGlobal
