
Microsoft Visual Studio Solution File, Format Version 12.00
# Visual Studio 15
VisualStudioVersion = 15.0.26730.16
MinimumVisualStudioVersion = 10.0.40219.1
Project("{FAE04EC0-301F-11D3-BF4B-00C04F79EFBC}") = "Word in Plural", "Word in Plural\Word in Plural.csproj", "{1BA48344-DE70-4B79-ADF4-6016B6374D07}"
EndProject
Global
	GlobalSection(SolutionConfigurationPlatforms) = preSolution
		Debug|Any CPU = Debug|Any CPU
		Release|Any CPU = Release|Any CPU
	EndGlobalSection
	GlobalSection(ProjectConfigurationPlatforms) = postSolution
		{1BA48344-DE70-4B79-ADF4-6016B6374D07}.Debug|Any CPU.ActiveCfg = Debug|Any CPU
		{1BA48344-DE70-4B79-ADF4-6016B6374D07}.Debug|Any CPU.Build.0 = Debug|Any CPU
		{1BA48344-DE70-4B79-ADF4-6016B6374D07}.Release|Any CPU.ActiveCfg = Release|Any CPU
		{1BA48344-DE70-4B79-ADF4-6016B6374D07}.Release|Any CPU.Build.0 = Release|Any CPU
	EndGlobalSection
	GlobalSection(SolutionProperties) = preSolution
		HideSolutionNode = FALSE
	EndGlobalSection
	GlobalSection(ExtensibilityGlobals) = postSolution
		SolutionGuid = {954432FA-1F97-4A83-AE35-18A0F3311298}
	EndGlobalSection
EndGlobal
