
Microsoft Visual Studio Solution File, Format Version 12.00
# Visual Studio 15
VisualStudioVersion = 15.0.26730.16
MinimumVisualStudioVersion = 10.0.40219.1
Project("{FAE04EC0-301F-11D3-BF4B-00C04F79EFBC}") = "Triangle of Numbers", "Triangle of Numbers\Triangle of Numbers.csproj", "{037C26C7-7ED9-4A4C-91F0-D44BC29BB78D}"
EndProject
Global
	GlobalSection(SolutionConfigurationPlatforms) = preSolution
		Debug|Any CPU = Debug|Any CPU
		Release|Any CPU = Release|Any CPU
	EndGlobalSection
	GlobalSection(ProjectConfigurationPlatforms) = postSolution
		{037C26C7-7ED9-4A4C-91F0-D44BC29BB78D}.Debug|Any CPU.ActiveCfg = Debug|Any CPU
		{037C26C7-7ED9-4A4C-91F0-D44BC29BB78D}.Debug|Any CPU.Build.0 = Debug|Any CPU
		{037C26C7-7ED9-4A4C-91F0-D44BC29BB78D}.Release|Any CPU.ActiveCfg = Release|Any CPU
		{037C26C7-7ED9-4A4C-91F0-D44BC29BB78D}.Release|Any CPU.Build.0 = Release|Any CPU
	EndGlobalSection
	GlobalSection(SolutionProperties) = preSolution
		HideSolutionNode = FALSE
	EndGlobalSection
	GlobalSection(ExtensibilityGlobals) = postSolution
		SolutionGuid = {406080EA-7536-4BA9-8DA7-37222B069806}
	EndGlobalSection
EndGlobal
