
Microsoft Visual Studio Solution File, Format Version 12.00
# Visual Studio 15
VisualStudioVersion = 15.0.27004.2006
MinimumVisualStudioVersion = 10.0.40219.1
Project("{FAE04EC0-301F-11D3-BF4B-00C04F79EFBC}") = "Weather", "Weather\Weather.csproj", "{0854EE7B-B041-4B66-8C17-E4066EA80D85}"
EndProject
Global
	GlobalSection(SolutionConfigurationPlatforms) = preSolution
		Debug|Any CPU = Debug|Any CPU
		Release|Any CPU = Release|Any CPU
	EndGlobalSection
	GlobalSection(ProjectConfigurationPlatforms) = postSolution
		{0854EE7B-B041-4B66-8C17-E4066EA80D85}.Debug|Any CPU.ActiveCfg = Debug|Any CPU
		{0854EE7B-B041-4B66-8C17-E4066EA80D85}.Debug|Any CPU.Build.0 = Debug|Any CPU
		{0854EE7B-B041-4B66-8C17-E4066EA80D85}.Release|Any CPU.ActiveCfg = Release|Any CPU
		{0854EE7B-B041-4B66-8C17-E4066EA80D85}.Release|Any CPU.Build.0 = Release|Any CPU
	EndGlobalSection
	GlobalSection(SolutionProperties) = preSolution
		HideSolutionNode = FALSE
	EndGlobalSection
	GlobalSection(ExtensibilityGlobals) = postSolution
		SolutionGuid = {8E375667-9AF0-42D6-BDAD-4DD6BA5BAA14}
	EndGlobalSection
EndGlobal
