
Microsoft Visual Studio Solution File, Format Version 12.00
# Visual Studio 15
VisualStudioVersion = 15.0.26730.16
MinimumVisualStudioVersion = 10.0.40219.1
Project("{FAE04EC0-301F-11D3-BF4B-00C04F79EFBC}") = "Different Numbers", "Different Numbers\Different Numbers.csproj", "{1D03B390-E769-44A9-B366-3A8B90751940}"
EndProject
Global
	GlobalSection(SolutionConfigurationPlatforms) = preSolution
		Debug|Any CPU = Debug|Any CPU
		Release|Any CPU = Release|Any CPU
	EndGlobalSection
	GlobalSection(ProjectConfigurationPlatforms) = postSolution
		{1D03B390-E769-44A9-B366-3A8B90751940}.Debug|Any CPU.ActiveCfg = Debug|Any CPU
		{1D03B390-E769-44A9-B366-3A8B90751940}.Debug|Any CPU.Build.0 = Debug|Any CPU
		{1D03B390-E769-44A9-B366-3A8B90751940}.Release|Any CPU.ActiveCfg = Release|Any CPU
		{1D03B390-E769-44A9-B366-3A8B90751940}.Release|Any CPU.Build.0 = Release|Any CPU
	EndGlobalSection
	GlobalSection(SolutionProperties) = preSolution
		HideSolutionNode = FALSE
	EndGlobalSection
	GlobalSection(ExtensibilityGlobals) = postSolution
		SolutionGuid = {64A59D19-A6CF-4993-A9C0-AC9AD9522BF1}
	EndGlobalSection
EndGlobal
