
Microsoft Visual Studio Solution File, Format Version 12.00
# Visual Studio 15
VisualStudioVersion = 15.0.26730.16
MinimumVisualStudioVersion = 10.0.40219.1
Project("{FAE04EC0-301F-11D3-BF4B-00C04F79EFBC}") = "Theatre Promotions2var", "Theatre Promotions2var\Theatre Promotions2var.csproj", "{B58AD567-5728-4809-87A7-D06FD52B406C}"
EndProject
Project("{FAE04EC0-301F-11D3-BF4B-00C04F79EFBC}") = "3 var", "3 var\3 var.csproj", "{A81FE056-5F4B-41D0-A6F5-4541555F6FD7}"
EndProject
Global
	GlobalSection(SolutionConfigurationPlatforms) = preSolution
		Debug|Any CPU = Debug|Any CPU
		Release|Any CPU = Release|Any CPU
	EndGlobalSection
	GlobalSection(ProjectConfigurationPlatforms) = postSolution
		{B58AD567-5728-4809-87A7-D06FD52B406C}.Debug|Any CPU.ActiveCfg = Debug|Any CPU
		{B58AD567-5728-4809-87A7-D06FD52B406C}.Debug|Any CPU.Build.0 = Debug|Any CPU
		{B58AD567-5728-4809-87A7-D06FD52B406C}.Release|Any CPU.ActiveCfg = Release|Any CPU
		{B58AD567-5728-4809-87A7-D06FD52B406C}.Release|Any CPU.Build.0 = Release|Any CPU
		{A81FE056-5F4B-41D0-A6F5-4541555F6FD7}.Debug|Any CPU.ActiveCfg = Debug|Any CPU
		{A81FE056-5F4B-41D0-A6F5-4541555F6FD7}.Debug|Any CPU.Build.0 = Debug|Any CPU
		{A81FE056-5F4B-41D0-A6F5-4541555F6FD7}.Release|Any CPU.ActiveCfg = Release|Any CPU
		{A81FE056-5F4B-41D0-A6F5-4541555F6FD7}.Release|Any CPU.Build.0 = Release|Any CPU
	EndGlobalSection
	GlobalSection(SolutionProperties) = preSolution
		HideSolutionNode = FALSE
	EndGlobalSection
	GlobalSection(ExtensibilityGlobals) = postSolution
		SolutionGuid = {5A991C2A-BEA9-4B7C-B2E5-CE4A15EBB11E}
	EndGlobalSection
EndGlobal
