
Microsoft Visual Studio Solution File, Format Version 12.00
# Visual Studio 15
VisualStudioVersion = 15.0.27004.2006
MinimumVisualStudioVersion = 10.0.40219.1
Project("{FAE04EC0-301F-11D3-BF4B-00C04F79EFBC}") = "Camera View", "Camera View\Camera View.csproj", "{9FB08D7D-24C1-4B7E-A16C-5E74F8008435}"
EndProject
Global
	GlobalSection(SolutionConfigurationPlatforms) = preSolution
		Debug|Any CPU = Debug|Any CPU
		Release|Any CPU = Release|Any CPU
	EndGlobalSection
	GlobalSection(ProjectConfigurationPlatforms) = postSolution
		{9FB08D7D-24C1-4B7E-A16C-5E74F8008435}.Debug|Any CPU.ActiveCfg = Debug|Any CPU
		{9FB08D7D-24C1-4B7E-A16C-5E74F8008435}.Debug|Any CPU.Build.0 = Debug|Any CPU
		{9FB08D7D-24C1-4B7E-A16C-5E74F8008435}.Release|Any CPU.ActiveCfg = Release|Any CPU
		{9FB08D7D-24C1-4B7E-A16C-5E74F8008435}.Release|Any CPU.Build.0 = Release|Any CPU
	EndGlobalSection
	GlobalSection(SolutionProperties) = preSolution
		HideSolutionNode = FALSE
	EndGlobalSection
	GlobalSection(ExtensibilityGlobals) = postSolution
		SolutionGuid = {795E1B37-76D6-43F8-885C-801392D96253}
	EndGlobalSection
EndGlobal
