
Microsoft Visual Studio Solution File, Format Version 12.00
# Visual Studio 15
VisualStudioVersion = 15.0.27004.2005
MinimumVisualStudioVersion = 10.0.40219.1
Project("{FAE04EC0-301F-11D3-BF4B-00C04F79EFBC}") = "Math Power", "Math Power\Math Power.csproj", "{3491CD5C-578C-4899-99E1-EE56068440ED}"
EndProject
Project("{FAE04EC0-301F-11D3-BF4B-00C04F79EFBC}") = "2 var", "2 var\2 var.csproj", "{BCFE3F33-89D0-42BC-8D68-397B601D29A5}"
EndProject
Global
	GlobalSection(SolutionConfigurationPlatforms) = preSolution
		Debug|Any CPU = Debug|Any CPU
		Release|Any CPU = Release|Any CPU
	EndGlobalSection
	GlobalSection(ProjectConfigurationPlatforms) = postSolution
		{3491CD5C-578C-4899-99E1-EE56068440ED}.Debug|Any CPU.ActiveCfg = Debug|Any CPU
		{3491CD5C-578C-4899-99E1-EE56068440ED}.Debug|Any CPU.Build.0 = Debug|Any CPU
		{3491CD5C-578C-4899-99E1-EE56068440ED}.Release|Any CPU.ActiveCfg = Release|Any CPU
		{3491CD5C-578C-4899-99E1-EE56068440ED}.Release|Any CPU.Build.0 = Release|Any CPU
		{BCFE3F33-89D0-42BC-8D68-397B601D29A5}.Debug|Any CPU.ActiveCfg = Debug|Any CPU
		{BCFE3F33-89D0-42BC-8D68-397B601D29A5}.Debug|Any CPU.Build.0 = Debug|Any CPU
		{BCFE3F33-89D0-42BC-8D68-397B601D29A5}.Release|Any CPU.ActiveCfg = Release|Any CPU
		{BCFE3F33-89D0-42BC-8D68-397B601D29A5}.Release|Any CPU.Build.0 = Release|Any CPU
	EndGlobalSection
	GlobalSection(SolutionProperties) = preSolution
		HideSolutionNode = FALSE
	EndGlobalSection
	GlobalSection(ExtensibilityGlobals) = postSolution
		SolutionGuid = {ECAB6999-D5D4-4AFC-82EE-94992EA57899}
	EndGlobalSection
EndGlobal
