
Microsoft Visual Studio Solution File, Format Version 12.00
# Visual Studio 15
VisualStudioVersion = 15.0.26730.16
MinimumVisualStudioVersion = 10.0.40219.1
Project("{FAE04EC0-301F-11D3-BF4B-00C04F79EFBC}") = "Geometry Calcu", "Geometry Calcu\Geometry Calcu.csproj", "{33B34FBA-C2CB-4758-A1AF-F39B0182D154}"
EndProject
Project("{FAE04EC0-301F-11D3-BF4B-00C04F79EFBC}") = "vtori var", "vtori var\vtori var.csproj", "{F0167168-46DA-4F70-98E9-9233B456F4B8}"
EndProject
Global
	GlobalSection(SolutionConfigurationPlatforms) = preSolution
		Debug|Any CPU = Debug|Any CPU
		Release|Any CPU = Release|Any CPU
	EndGlobalSection
	GlobalSection(ProjectConfigurationPlatforms) = postSolution
		{33B34FBA-C2CB-4758-A1AF-F39B0182D154}.Debug|Any CPU.ActiveCfg = Debug|Any CPU
		{33B34FBA-C2CB-4758-A1AF-F39B0182D154}.Debug|Any CPU.Build.0 = Debug|Any CPU
		{33B34FBA-C2CB-4758-A1AF-F39B0182D154}.Release|Any CPU.ActiveCfg = Release|Any CPU
		{33B34FBA-C2CB-4758-A1AF-F39B0182D154}.Release|Any CPU.Build.0 = Release|Any CPU
		{F0167168-46DA-4F70-98E9-9233B456F4B8}.Debug|Any CPU.ActiveCfg = Debug|Any CPU
		{F0167168-46DA-4F70-98E9-9233B456F4B8}.Debug|Any CPU.Build.0 = Debug|Any CPU
		{F0167168-46DA-4F70-98E9-9233B456F4B8}.Release|Any CPU.ActiveCfg = Release|Any CPU
		{F0167168-46DA-4F70-98E9-9233B456F4B8}.Release|Any CPU.Build.0 = Release|Any CPU
	EndGlobalSection
	GlobalSection(SolutionProperties) = preSolution
		HideSolutionNode = FALSE
	EndGlobalSection
	GlobalSection(ExtensibilityGlobals) = postSolution
		SolutionGuid = {89E1D92D-C3BA-4FBA-A877-023C26CB8188}
	EndGlobalSection
EndGlobal
