
Microsoft Visual Studio Solution File, Format Version 12.00
# Visual Studio 15
VisualStudioVersion = 15.0.26730.16
MinimumVisualStudioVersion = 10.0.40219.1
Project("{FAE04EC0-301F-11D3-BF4B-00C04F79EFBC}") = "Rectangle Properties", "Rectangle Properties\Rectangle Properties.csproj", "{8EF67363-C312-4EE3-8ECB-7E0C27F24CD9}"
EndProject
Global
	GlobalSection(SolutionConfigurationPlatforms) = preSolution
		Debug|Any CPU = Debug|Any CPU
		Release|Any CPU = Release|Any CPU
	EndGlobalSection
	GlobalSection(ProjectConfigurationPlatforms) = postSolution
		{8EF67363-C312-4EE3-8ECB-7E0C27F24CD9}.Debug|Any CPU.ActiveCfg = Debug|Any CPU
		{8EF67363-C312-4EE3-8ECB-7E0C27F24CD9}.Debug|Any CPU.Build.0 = Debug|Any CPU
		{8EF67363-C312-4EE3-8ECB-7E0C27F24CD9}.Release|Any CPU.ActiveCfg = Release|Any CPU
		{8EF67363-C312-4EE3-8ECB-7E0C27F24CD9}.Release|Any CPU.Build.0 = Release|Any CPU
	EndGlobalSection
	GlobalSection(SolutionProperties) = preSolution
		HideSolutionNode = FALSE
	EndGlobalSection
	GlobalSection(ExtensibilityGlobals) = postSolution
		SolutionGuid = {4D5ACC75-371A-4EDC-8428-9D21A5EF3D44}
	EndGlobalSection
EndGlobal
