
Microsoft Visual Studio Solution File, Format Version 12.00
# Visual Studio 15
VisualStudioVersion = 15.0.26730.16
MinimumVisualStudioVersion = 10.0.40219.1
Project("{FAE04EC0-301F-11D3-BF4B-00C04F79EFBC}") = "variant2", "variant2\variant2.csproj", "{68DBFE4A-B30A-4BF1-9D52-E2038B028289}"
EndProject
Global
	GlobalSection(SolutionConfigurationPlatforms) = preSolution
		Debug|Any CPU = Debug|Any CPU
		Release|Any CPU = Release|Any CPU
	EndGlobalSection
	GlobalSection(ProjectConfigurationPlatforms) = postSolution
		{68DBFE4A-B30A-4BF1-9D52-E2038B028289}.Debug|Any CPU.ActiveCfg = Debug|Any CPU
		{68DBFE4A-B30A-4BF1-9D52-E2038B028289}.Debug|Any CPU.Build.0 = Debug|Any CPU
		{68DBFE4A-B30A-4BF1-9D52-E2038B028289}.Release|Any CPU.ActiveCfg = Release|Any CPU
		{68DBFE4A-B30A-4BF1-9D52-E2038B028289}.Release|Any CPU.Build.0 = Release|Any CPU
	EndGlobalSection
	GlobalSection(SolutionProperties) = preSolution
		HideSolutionNode = FALSE
	EndGlobalSection
	GlobalSection(ExtensibilityGlobals) = postSolution
		SolutionGuid = {BED5A1A4-0B9E-48EC-92F8-DD9B89880FFA}
	EndGlobalSection
EndGlobal
