
Microsoft Visual Studio Solution File, Format Version 12.00
# Visual Studio 15
VisualStudioVersion = 15.0.26730.16
MinimumVisualStudioVersion = 10.0.40219.1
Project("{FAE04EC0-301F-11D3-BF4B-00C04F79EFBC}") = "Sum Reversed Numbers", "Sum Reversed Numbers\Sum Reversed Numbers.csproj", "{FA3DB04E-C28F-44EA-90BB-76B8DE5D0A6C}"
EndProject
Project("{FAE04EC0-301F-11D3-BF4B-00C04F79EFBC}") = "vtori var", "vtori var\vtori var.csproj", "{D02EAA4C-9BC8-4E6E-83BB-F1B47940D9A1}"
EndProject
Project("{FAE04EC0-301F-11D3-BF4B-00C04F79EFBC}") = "treti var", "treti var\treti var.csproj", "{4FEB473A-11F6-495B-9A36-A239A8FC5203}"
EndProject
Global
	GlobalSection(SolutionConfigurationPlatforms) = preSolution
		Debug|Any CPU = Debug|Any CPU
		Release|Any CPU = Release|Any CPU
	EndGlobalSection
	GlobalSection(ProjectConfigurationPlatforms) = postSolution
		{FA3DB04E-C28F-44EA-90BB-76B8DE5D0A6C}.Debug|Any CPU.ActiveCfg = Debug|Any CPU
		{FA3DB04E-C28F-44EA-90BB-76B8DE5D0A6C}.Debug|Any CPU.Build.0 = Debug|Any CPU
		{FA3DB04E-C28F-44EA-90BB-76B8DE5D0A6C}.Release|Any CPU.ActiveCfg = Release|Any CPU
		{FA3DB04E-C28F-44EA-90BB-76B8DE5D0A6C}.Release|Any CPU.Build.0 = Release|Any CPU
		{D02EAA4C-9BC8-4E6E-83BB-F1B47940D9A1}.Debug|Any CPU.ActiveCfg = Debug|Any CPU
		{D02EAA4C-9BC8-4E6E-83BB-F1B47940D9A1}.Debug|Any CPU.Build.0 = Debug|Any CPU
		{D02EAA4C-9BC8-4E6E-83BB-F1B47940D9A1}.Release|Any CPU.ActiveCfg = Release|Any CPU
		{D02EAA4C-9BC8-4E6E-83BB-F1B47940D9A1}.Release|Any CPU.Build.0 = Release|Any CPU
		{4FEB473A-11F6-495B-9A36-A239A8FC5203}.Debug|Any CPU.ActiveCfg = Debug|Any CPU
		{4FEB473A-11F6-495B-9A36-A239A8FC5203}.Debug|Any CPU.Build.0 = Debug|Any CPU
		{4FEB473A-11F6-495B-9A36-A239A8FC5203}.Release|Any CPU.ActiveCfg = Release|Any CPU
		{4FEB473A-11F6-495B-9A36-A239A8FC5203}.Release|Any CPU.Build.0 = Release|Any CPU
	EndGlobalSection
	GlobalSection(SolutionProperties) = preSolution
		HideSolutionNode = FALSE
	EndGlobalSection
	GlobalSection(ExtensibilityGlobals) = postSolution
		SolutionGuid = {FBCF5BFC-6C36-4A89-BDE1-8A6F1BAEA2CD}
	EndGlobalSection
EndGlobal
