
Microsoft Visual Studio Solution File, Format Version 12.00
# Visual Studio 15
VisualStudioVersion = 15.0.26730.16
MinimumVisualStudioVersion = 10.0.40219.1
Project("{FAE04EC0-301F-11D3-BF4B-00C04F79EFBC}") = "Fibonacci Numbers", "Fibonacci Numbers\Fibonacci Numbers.csproj", "{4B333282-DE4D-43ED-89DA-832DDBC6F8C1}"
EndProject
Project("{FAE04EC0-301F-11D3-BF4B-00C04F79EFBC}") = "vtori var", "vtori var\vtori var.csproj", "{11AB84B1-3603-4F4A-A8B5-9E0FE0735A81}"
EndProject
Global
	GlobalSection(SolutionConfigurationPlatforms) = preSolution
		Debug|Any CPU = Debug|Any CPU
		Release|Any CPU = Release|Any CPU
	EndGlobalSection
	GlobalSection(ProjectConfigurationPlatforms) = postSolution
		{4B333282-DE4D-43ED-89DA-832DDBC6F8C1}.Debug|Any CPU.ActiveCfg = Debug|Any CPU
		{4B333282-DE4D-43ED-89DA-832DDBC6F8C1}.Debug|Any CPU.Build.0 = Debug|Any CPU
		{4B333282-DE4D-43ED-89DA-832DDBC6F8C1}.Release|Any CPU.ActiveCfg = Release|Any CPU
		{4B333282-DE4D-43ED-89DA-832DDBC6F8C1}.Release|Any CPU.Build.0 = Release|Any CPU
		{11AB84B1-3603-4F4A-A8B5-9E0FE0735A81}.Debug|Any CPU.ActiveCfg = Debug|Any CPU
		{11AB84B1-3603-4F4A-A8B5-9E0FE0735A81}.Debug|Any CPU.Build.0 = Debug|Any CPU
		{11AB84B1-3603-4F4A-A8B5-9E0FE0735A81}.Release|Any CPU.ActiveCfg = Release|Any CPU
		{11AB84B1-3603-4F4A-A8B5-9E0FE0735A81}.Release|Any CPU.Build.0 = Release|Any CPU
	EndGlobalSection
	GlobalSection(SolutionProperties) = preSolution
		HideSolutionNode = FALSE
	EndGlobalSection
	GlobalSection(ExtensibilityGlobals) = postSolution
		SolutionGuid = {BD04CCE9-4489-48AC-AB7A-3ACB2C76E835}
	EndGlobalSection
EndGlobal
