
Microsoft Visual Studio Solution File, Format Version 12.00
# Visual Studio 15
VisualStudioVersion = 15.0.27004.2006
MinimumVisualStudioVersion = 10.0.40219.1
Project("{FAE04EC0-301F-11D3-BF4B-00C04F79EFBC}") = "Sort Numbers", "Sort Numbers\Sort Numbers.csproj", "{FCA66846-D4AC-4A33-A8BB-65891C72F9C5}"
EndProject
Project("{FAE04EC0-301F-11D3-BF4B-00C04F79EFBC}") = "vtori variant", "vtori variant\vtori variant.csproj", "{44EE3647-5DA0-41AD-995B-83DD0DECE551}"
EndProject
Global
	GlobalSection(SolutionConfigurationPlatforms) = preSolution
		Debug|Any CPU = Debug|Any CPU
		Release|Any CPU = Release|Any CPU
	EndGlobalSection
	GlobalSection(ProjectConfigurationPlatforms) = postSolution
		{FCA66846-D4AC-4A33-A8BB-65891C72F9C5}.Debug|Any CPU.ActiveCfg = Debug|Any CPU
		{FCA66846-D4AC-4A33-A8BB-65891C72F9C5}.Debug|Any CPU.Build.0 = Debug|Any CPU
		{FCA66846-D4AC-4A33-A8BB-65891C72F9C5}.Release|Any CPU.ActiveCfg = Release|Any CPU
		{FCA66846-D4AC-4A33-A8BB-65891C72F9C5}.Release|Any CPU.Build.0 = Release|Any CPU
		{44EE3647-5DA0-41AD-995B-83DD0DECE551}.Debug|Any CPU.ActiveCfg = Debug|Any CPU
		{44EE3647-5DA0-41AD-995B-83DD0DECE551}.Debug|Any CPU.Build.0 = Debug|Any CPU
		{44EE3647-5DA0-41AD-995B-83DD0DECE551}.Release|Any CPU.ActiveCfg = Release|Any CPU
		{44EE3647-5DA0-41AD-995B-83DD0DECE551}.Release|Any CPU.Build.0 = Release|Any CPU
	EndGlobalSection
	GlobalSection(SolutionProperties) = preSolution
		HideSolutionNode = FALSE
	EndGlobalSection
	GlobalSection(ExtensibilityGlobals) = postSolution
		SolutionGuid = {8645E56D-C784-4AF8-8CF0-2196FB45817F}
	EndGlobalSection
EndGlobal
