
Microsoft Visual Studio Solution File, Format Version 12.00
# Visual Studio 15
VisualStudioVersion = 15.0.26730.16
MinimumVisualStudioVersion = 10.0.40219.1
Project("{FAE04EC0-301F-11D3-BF4B-00C04F79EFBC}") = "Calories Counter", "Calories Counter\Calories Counter.csproj", "{12D1CC11-1D6E-49EF-A845-A9A1EF559802}"
EndProject
Global
	GlobalSection(SolutionConfigurationPlatforms) = preSolution
		Debug|Any CPU = Debug|Any CPU
		Release|Any CPU = Release|Any CPU
	EndGlobalSection
	GlobalSection(ProjectConfigurationPlatforms) = postSolution
		{12D1CC11-1D6E-49EF-A845-A9A1EF559802}.Debug|Any CPU.ActiveCfg = Debug|Any CPU
		{12D1CC11-1D6E-49EF-A845-A9A1EF559802}.Debug|Any CPU.Build.0 = Debug|Any CPU
		{12D1CC11-1D6E-49EF-A845-A9A1EF559802}.Release|Any CPU.ActiveCfg = Release|Any CPU
		{12D1CC11-1D6E-49EF-A845-A9A1EF559802}.Release|Any CPU.Build.0 = Release|Any CPU
	EndGlobalSection
	GlobalSection(SolutionProperties) = preSolution
		HideSolutionNode = FALSE
	EndGlobalSection
	GlobalSection(ExtensibilityGlobals) = postSolution
		SolutionGuid = {CEDBFB95-D5BB-4E11-9D0D-36A220D87867}
	EndGlobalSection
EndGlobal
