
Microsoft Visual Studio Solution File, Format Version 12.00
# Visual Studio 15
VisualStudioVersion = 15.0.26730.16
MinimumVisualStudioVersion = 10.0.40219.1
Project("{FAE04EC0-301F-11D3-BF4B-00C04F79EFBC}") = "Master Number", "Master Number\Master Number.csproj", "{C34B95A8-5C95-43A2-AF31-AC8B250A3D40}"
EndProject
Global
	GlobalSection(SolutionConfigurationPlatforms) = preSolution
		Debug|Any CPU = Debug|Any CPU
		Release|Any CPU = Release|Any CPU
	EndGlobalSection
	GlobalSection(ProjectConfigurationPlatforms) = postSolution
		{C34B95A8-5C95-43A2-AF31-AC8B250A3D40}.Debug|Any CPU.ActiveCfg = Debug|Any CPU
		{C34B95A8-5C95-43A2-AF31-AC8B250A3D40}.Debug|Any CPU.Build.0 = Debug|Any CPU
		{C34B95A8-5C95-43A2-AF31-AC8B250A3D40}.Release|Any CPU.ActiveCfg = Release|Any CPU
		{C34B95A8-5C95-43A2-AF31-AC8B250A3D40}.Release|Any CPU.Build.0 = Release|Any CPU
	EndGlobalSection
	GlobalSection(SolutionProperties) = preSolution
		HideSolutionNode = FALSE
	EndGlobalSection
	GlobalSection(ExtensibilityGlobals) = postSolution
		SolutionGuid = {D4E9B3F1-9C1E-41B3-BA30-699A5F287FC4}
	EndGlobalSection
EndGlobal
