
Microsoft Visual Studio Solution File, Format Version 12.00
# Visual Studio 15
VisualStudioVersion = 15.0.27004.2006
MinimumVisualStudioVersion = 10.0.40219.1
Project("{FAE04EC0-301F-11D3-BF4B-00C04F79EFBC}") = "Condense Array to Number", "Condense Array to Number\Condense Array to Number.csproj", "{D9121D0D-4C36-42A8-B6A3-093D18E79C64}"
EndProject
Project("{FAE04EC0-301F-11D3-BF4B-00C04F79EFBC}") = "vtory variant", "vtory variant\vtory variant.csproj", "{72E5E266-DF82-48DB-8A07-7745C246F900}"
EndProject
Global
	GlobalSection(SolutionConfigurationPlatforms) = preSolution
		Debug|Any CPU = Debug|Any CPU
		Release|Any CPU = Release|Any CPU
	EndGlobalSection
	GlobalSection(ProjectConfigurationPlatforms) = postSolution
		{D9121D0D-4C36-42A8-B6A3-093D18E79C64}.Debug|Any CPU.ActiveCfg = Debug|Any CPU
		{D9121D0D-4C36-42A8-B6A3-093D18E79C64}.Debug|Any CPU.Build.0 = Debug|Any CPU
		{D9121D0D-4C36-42A8-B6A3-093D18E79C64}.Release|Any CPU.ActiveCfg = Release|Any CPU
		{D9121D0D-4C36-42A8-B6A3-093D18E79C64}.Release|Any CPU.Build.0 = Release|Any CPU
		{72E5E266-DF82-48DB-8A07-7745C246F900}.Debug|Any CPU.ActiveCfg = Debug|Any CPU
		{72E5E266-DF82-48DB-8A07-7745C246F900}.Debug|Any CPU.Build.0 = Debug|Any CPU
		{72E5E266-DF82-48DB-8A07-7745C246F900}.Release|Any CPU.ActiveCfg = Release|Any CPU
		{72E5E266-DF82-48DB-8A07-7745C246F900}.Release|Any CPU.Build.0 = Release|Any CPU
	EndGlobalSection
	GlobalSection(SolutionProperties) = preSolution
		HideSolutionNode = FALSE
	EndGlobalSection
	GlobalSection(ExtensibilityGlobals) = postSolution
		SolutionGuid = {626550DC-5DEF-4F2C-A813-58FD25F00B41}
	EndGlobalSection
EndGlobal
