
Microsoft Visual Studio Solution File, Format Version 12.00
# Visual Studio 15
VisualStudioVersion = 15.0.27004.2005
MinimumVisualStudioVersion = 10.0.40219.1
Project("{FAE04EC0-301F-11D3-BF4B-00C04F79EFBC}") = "Student Groups", "Student Groups\Student Groups.csproj", "{356778A8-7B94-429D-9B36-2A735FD04819}"
EndProject
Global
	GlobalSection(SolutionConfigurationPlatforms) = preSolution
		Debug|Any CPU = Debug|Any CPU
		Release|Any CPU = Release|Any CPU
	EndGlobalSection
	GlobalSection(ProjectConfigurationPlatforms) = postSolution
		{356778A8-7B94-429D-9B36-2A735FD04819}.Debug|Any CPU.ActiveCfg = Debug|Any CPU
		{356778A8-7B94-429D-9B36-2A735FD04819}.Debug|Any CPU.Build.0 = Debug|Any CPU
		{356778A8-7B94-429D-9B36-2A735FD04819}.Release|Any CPU.ActiveCfg = Release|Any CPU
		{356778A8-7B94-429D-9B36-2A735FD04819}.Release|Any CPU.Build.0 = Release|Any CPU
	EndGlobalSection
	GlobalSection(SolutionProperties) = preSolution
		HideSolutionNode = FALSE
	EndGlobalSection
	GlobalSection(ExtensibilityGlobals) = postSolution
		SolutionGuid = {5C4934D0-2850-4E95-9368-D8D183BCD84D}
	EndGlobalSection
EndGlobal
