
Microsoft Visual Studio Solution File, Format Version 12.00
# Visual Studio 15
VisualStudioVersion = 15.0.26730.16
MinimumVisualStudioVersion = 10.0.40219.1
Project("{FAE04EC0-301F-11D3-BF4B-00C04F79EFBC}") = "Boolean Variable", "Boolean Variable\Boolean Variable.csproj", "{B166FCFC-A1E1-4B21-A05F-61018F3AE2FC}"
EndProject
Global
	GlobalSection(SolutionConfigurationPlatforms) = preSolution
		Debug|Any CPU = Debug|Any CPU
		Release|Any CPU = Release|Any CPU
	EndGlobalSection
	GlobalSection(ProjectConfigurationPlatforms) = postSolution
		{B166FCFC-A1E1-4B21-A05F-61018F3AE2FC}.Debug|Any CPU.ActiveCfg = Debug|Any CPU
		{B166FCFC-A1E1-4B21-A05F-61018F3AE2FC}.Debug|Any CPU.Build.0 = Debug|Any CPU
		{B166FCFC-A1E1-4B21-A05F-61018F3AE2FC}.Release|Any CPU.ActiveCfg = Release|Any CPU
		{B166FCFC-A1E1-4B21-A05F-61018F3AE2FC}.Release|Any CPU.Build.0 = Release|Any CPU
	EndGlobalSection
	GlobalSection(SolutionProperties) = preSolution
		HideSolutionNode = FALSE
	EndGlobalSection
	GlobalSection(ExtensibilityGlobals) = postSolution
		SolutionGuid = {C22FD93C-E65C-426D-8787-8A9B94319FCA}
	EndGlobalSection
EndGlobal
