
Microsoft Visual Studio Solution File, Format Version 12.00
# Visual Studio 15
VisualStudioVersion = 15.0.26730.16
MinimumVisualStudioVersion = 10.0.40219.1
Project("{FAE04EC0-301F-11D3-BF4B-00C04F79EFBC}") = "Index of Letters", "Index of Letters\Index of Letters.csproj", "{AE9AB0DE-C62C-4DAD-8061-94036678AC10}"
EndProject
Global
	GlobalSection(SolutionConfigurationPlatforms) = preSolution
		Debug|Any CPU = Debug|Any CPU
		Release|Any CPU = Release|Any CPU
	EndGlobalSection
	GlobalSection(ProjectConfigurationPlatforms) = postSolution
		{AE9AB0DE-C62C-4DAD-8061-94036678AC10}.Debug|Any CPU.ActiveCfg = Debug|Any CPU
		{AE9AB0DE-C62C-4DAD-8061-94036678AC10}.Debug|Any CPU.Build.0 = Debug|Any CPU
		{AE9AB0DE-C62C-4DAD-8061-94036678AC10}.Release|Any CPU.ActiveCfg = Release|Any CPU
		{AE9AB0DE-C62C-4DAD-8061-94036678AC10}.Release|Any CPU.Build.0 = Release|Any CPU
	EndGlobalSection
	GlobalSection(SolutionProperties) = preSolution
		HideSolutionNode = FALSE
	EndGlobalSection
	GlobalSection(ExtensibilityGlobals) = postSolution
		SolutionGuid = {6DF23345-B983-4DDE-AD19-260B38EA567F}
	EndGlobalSection
EndGlobal
