
Microsoft Visual Studio Solution File, Format Version 12.00
# Visual Studio 15
VisualStudioVersion = 15.0.27004.2005
MinimumVisualStudioVersion = 10.0.40219.1
Project("{FAE04EC0-301F-11D3-BF4B-00C04F79EFBC}") = "Hands of Cards", "Hands of Cards\Hands of Cards.csproj", "{097800A3-E8E9-4E34-9952-444C027A0F3C}"
EndProject
Project("{FAE04EC0-301F-11D3-BF4B-00C04F79EFBC}") = "2 var", "2 var\2 var.csproj", "{D2EBA6A4-9E6F-40AD-BC6F-B5466A1A77D1}"
EndProject
Project("{FAE04EC0-301F-11D3-BF4B-00C04F79EFBC}") = "3 var", "3 var\3 var.csproj", "{A4AC9154-2344-48B5-9E1F-5AA67042E160}"
EndProject
Global
	GlobalSection(SolutionConfigurationPlatforms) = preSolution
		Debug|Any CPU = Debug|Any CPU
		Release|Any CPU = Release|Any CPU
	EndGlobalSection
	GlobalSection(ProjectConfigurationPlatforms) = postSolution
		{097800A3-E8E9-4E34-9952-444C027A0F3C}.Debug|Any CPU.ActiveCfg = Debug|Any CPU
		{097800A3-E8E9-4E34-9952-444C027A0F3C}.Debug|Any CPU.Build.0 = Debug|Any CPU
		{097800A3-E8E9-4E34-9952-444C027A0F3C}.Release|Any CPU.ActiveCfg = Release|Any CPU
		{097800A3-E8E9-4E34-9952-444C027A0F3C}.Release|Any CPU.Build.0 = Release|Any CPU
		{D2EBA6A4-9E6F-40AD-BC6F-B5466A1A77D1}.Debug|Any CPU.ActiveCfg = Debug|Any CPU
		{D2EBA6A4-9E6F-40AD-BC6F-B5466A1A77D1}.Debug|Any CPU.Build.0 = Debug|Any CPU
		{D2EBA6A4-9E6F-40AD-BC6F-B5466A1A77D1}.Release|Any CPU.ActiveCfg = Release|Any CPU
		{D2EBA6A4-9E6F-40AD-BC6F-B5466A1A77D1}.Release|Any CPU.Build.0 = Release|Any CPU
		{A4AC9154-2344-48B5-9E1F-5AA67042E160}.Debug|Any CPU.ActiveCfg = Debug|Any CPU
		{A4AC9154-2344-48B5-9E1F-5AA67042E160}.Debug|Any CPU.Build.0 = Debug|Any CPU
		{A4AC9154-2344-48B5-9E1F-5AA67042E160}.Release|Any CPU.ActiveCfg = Release|Any CPU
		{A4AC9154-2344-48B5-9E1F-5AA67042E160}.Release|Any CPU.Build.0 = Release|Any CPU
	EndGlobalSection
	GlobalSection(SolutionProperties) = preSolution
		HideSolutionNode = FALSE
	EndGlobalSection
	GlobalSection(ExtensibilityGlobals) = postSolution
		SolutionGuid = {99C31C2D-006C-4433-A0AE-895D58FC2968}
	EndGlobalSection
EndGlobal
