
Microsoft Visual Studio Solution File, Format Version 12.00
# Visual Studio 15
VisualStudioVersion = 15.0.26730.16
MinimumVisualStudioVersion = 10.0.40219.1
Project("{FAE04EC0-301F-11D3-BF4B-00C04F79EFBC}") = "Numbers in Rev", "Numbers in Rev\Numbers in Rev.csproj", "{831DC1D9-C439-46C4-9B66-068ADB043FA6}"
EndProject
Global
	GlobalSection(SolutionConfigurationPlatforms) = preSolution
		Debug|Any CPU = Debug|Any CPU
		Release|Any CPU = Release|Any CPU
	EndGlobalSection
	GlobalSection(ProjectConfigurationPlatforms) = postSolution
		{831DC1D9-C439-46C4-9B66-068ADB043FA6}.Debug|Any CPU.ActiveCfg = Debug|Any CPU
		{831DC1D9-C439-46C4-9B66-068ADB043FA6}.Debug|Any CPU.Build.0 = Debug|Any CPU
		{831DC1D9-C439-46C4-9B66-068ADB043FA6}.Release|Any CPU.ActiveCfg = Release|Any CPU
		{831DC1D9-C439-46C4-9B66-068ADB043FA6}.Release|Any CPU.Build.0 = Release|Any CPU
	EndGlobalSection
	GlobalSection(SolutionProperties) = preSolution
		HideSolutionNode = FALSE
	EndGlobalSection
	GlobalSection(ExtensibilityGlobals) = postSolution
		SolutionGuid = {0140F389-32E7-4C59-BC61-6F7F909ADD8F}
	EndGlobalSection
EndGlobal
