
Microsoft Visual Studio Solution File, Format Version 12.00
# Visual Studio 15
VisualStudioVersion = 15.0.26730.16
MinimumVisualStudioVersion = 10.0.40219.1
Project("{FAE04EC0-301F-11D3-BF4B-00C04F79EFBC}") = "Array Manipulator", "Array Manipulator\Array Manipulator.csproj", "{21D0C913-2A72-48CF-A76D-8749937D067A}"
EndProject
Project("{FAE04EC0-301F-11D3-BF4B-00C04F79EFBC}") = "vtori var", "vtori var\vtori var.csproj", "{F88D8D52-28BF-4EDA-8A39-EBD7D62D2094}"
EndProject
Global
	GlobalSection(SolutionConfigurationPlatforms) = preSolution
		Debug|Any CPU = Debug|Any CPU
		Release|Any CPU = Release|Any CPU
	EndGlobalSection
	GlobalSection(ProjectConfigurationPlatforms) = postSolution
		{21D0C913-2A72-48CF-A76D-8749937D067A}.Debug|Any CPU.ActiveCfg = Debug|Any CPU
		{21D0C913-2A72-48CF-A76D-8749937D067A}.Debug|Any CPU.Build.0 = Debug|Any CPU
		{21D0C913-2A72-48CF-A76D-8749937D067A}.Release|Any CPU.ActiveCfg = Release|Any CPU
		{21D0C913-2A72-48CF-A76D-8749937D067A}.Release|Any CPU.Build.0 = Release|Any CPU
		{F88D8D52-28BF-4EDA-8A39-EBD7D62D2094}.Debug|Any CPU.ActiveCfg = Debug|Any CPU
		{F88D8D52-28BF-4EDA-8A39-EBD7D62D2094}.Debug|Any CPU.Build.0 = Debug|Any CPU
		{F88D8D52-28BF-4EDA-8A39-EBD7D62D2094}.Release|Any CPU.ActiveCfg = Release|Any CPU
		{F88D8D52-28BF-4EDA-8A39-EBD7D62D2094}.Release|Any CPU.Build.0 = Release|Any CPU
	EndGlobalSection
	GlobalSection(SolutionProperties) = preSolution
		HideSolutionNode = FALSE
	EndGlobalSection
	GlobalSection(ExtensibilityGlobals) = postSolution
		SolutionGuid = {7AF52175-BDC3-4468-BE68-77251BB3C0C2}
	EndGlobalSection
EndGlobal
