
Microsoft Visual Studio Solution File, Format Version 12.00
# Visual Studio 15
VisualStudioVersion = 15.0.26730.16
MinimumVisualStudioVersion = 10.0.40219.1
Project("{FAE04EC0-301F-11D3-BF4B-00C04F79EFBC}") = "Factorial", "Factorial\Factorial.csproj", "{4A3D9F7F-9904-4792-A3A1-6D6930F3C981}"
EndProject
Global
	GlobalSection(SolutionConfigurationPlatforms) = preSolution
		Debug|Any CPU = Debug|Any CPU
		Release|Any CPU = Release|Any CPU
	EndGlobalSection
	GlobalSection(ProjectConfigurationPlatforms) = postSolution
		{4A3D9F7F-9904-4792-A3A1-6D6930F3C981}.Debug|Any CPU.ActiveCfg = Debug|Any CPU
		{4A3D9F7F-9904-4792-A3A1-6D6930F3C981}.Debug|Any CPU.Build.0 = Debug|Any CPU
		{4A3D9F7F-9904-4792-A3A1-6D6930F3C981}.Release|Any CPU.ActiveCfg = Release|Any CPU
		{4A3D9F7F-9904-4792-A3A1-6D6930F3C981}.Release|Any CPU.Build.0 = Release|Any CPU
	EndGlobalSection
	GlobalSection(SolutionProperties) = preSolution
		HideSolutionNode = FALSE
	EndGlobalSection
	GlobalSection(ExtensibilityGlobals) = postSolution
		SolutionGuid = {1883513E-DCE8-48EC-B63E-34BA9F18A407}
	EndGlobalSection
EndGlobal
