
Microsoft Visual Studio Solution File, Format Version 12.00
# Visual Studio 15
VisualStudioVersion = 15.0.26730.16
MinimumVisualStudioVersion = 10.0.40219.1
Project("{FAE04EC0-301F-11D3-BF4B-00C04F79EFBC}") = "Special Numbers", "Special Numbers\Special Numbers.csproj", "{ADB2B26D-A93D-4416-9F67-8AE2BD8D4D99}"
EndProject
Global
	GlobalSection(SolutionConfigurationPlatforms) = preSolution
		Debug|Any CPU = Debug|Any CPU
		Release|Any CPU = Release|Any CPU
	EndGlobalSection
	GlobalSection(ProjectConfigurationPlatforms) = postSolution
		{ADB2B26D-A93D-4416-9F67-8AE2BD8D4D99}.Debug|Any CPU.ActiveCfg = Debug|Any CPU
		{ADB2B26D-A93D-4416-9F67-8AE2BD8D4D99}.Debug|Any CPU.Build.0 = Debug|Any CPU
		{ADB2B26D-A93D-4416-9F67-8AE2BD8D4D99}.Release|Any CPU.ActiveCfg = Release|Any CPU
		{ADB2B26D-A93D-4416-9F67-8AE2BD8D4D99}.Release|Any CPU.Build.0 = Release|Any CPU
	EndGlobalSection
	GlobalSection(SolutionProperties) = preSolution
		HideSolutionNode = FALSE
	EndGlobalSection
	GlobalSection(ExtensibilityGlobals) = postSolution
		SolutionGuid = {BEDA23EA-B5AF-4AE1-9727-B336F0541008}
	EndGlobalSection
EndGlobal
