
Microsoft Visual Studio Solution File, Format Version 12.00
# Visual Studio 15
VisualStudioVersion = 15.0.26730.16
MinimumVisualStudioVersion = 10.0.40219.1
Project("{FAE04EC0-301F-11D3-BF4B-00C04F79EFBC}") = "Restaurant Discount", "Restaurant Discount\Restaurant Discount.csproj", "{9B8AAE32-1BA6-4698-983A-884B14FE4A3B}"
EndProject
Project("{FAE04EC0-301F-11D3-BF4B-00C04F79EFBC}") = "2 variant", "2 variant\2 variant.csproj", "{6286041D-592A-4CC3-8B96-DB0F86B5066B}"
EndProject
Global
	GlobalSection(SolutionConfigurationPlatforms) = preSolution
		Debug|Any CPU = Debug|Any CPU
		Release|Any CPU = Release|Any CPU
	EndGlobalSection
	GlobalSection(ProjectConfigurationPlatforms) = postSolution
		{9B8AAE32-1BA6-4698-983A-884B14FE4A3B}.Debug|Any CPU.ActiveCfg = Debug|Any CPU
		{9B8AAE32-1BA6-4698-983A-884B14FE4A3B}.Debug|Any CPU.Build.0 = Debug|Any CPU
		{9B8AAE32-1BA6-4698-983A-884B14FE4A3B}.Release|Any CPU.ActiveCfg = Release|Any CPU
		{9B8AAE32-1BA6-4698-983A-884B14FE4A3B}.Release|Any CPU.Build.0 = Release|Any CPU
		{6286041D-592A-4CC3-8B96-DB0F86B5066B}.Debug|Any CPU.ActiveCfg = Debug|Any CPU
		{6286041D-592A-4CC3-8B96-DB0F86B5066B}.Debug|Any CPU.Build.0 = Debug|Any CPU
		{6286041D-592A-4CC3-8B96-DB0F86B5066B}.Release|Any CPU.ActiveCfg = Release|Any CPU
		{6286041D-592A-4CC3-8B96-DB0F86B5066B}.Release|Any CPU.Build.0 = Release|Any CPU
	EndGlobalSection
	GlobalSection(SolutionProperties) = preSolution
		HideSolutionNode = FALSE
	EndGlobalSection
	GlobalSection(ExtensibilityGlobals) = postSolution
		SolutionGuid = {738BAD35-2165-4C13-AC03-7EB011F02993}
	EndGlobalSection
EndGlobal
