
Microsoft Visual Studio Solution File, Format Version 12.00
# Visual Studio 15
VisualStudioVersion = 15.0.27004.2005
MinimumVisualStudioVersion = 10.0.40219.1
Project("{FAE04EC0-301F-11D3-BF4B-00C04F79EFBC}") = "Circles Intersection", "Circles Intersection\Circles Intersection.csproj", "{6C68A109-ADF1-454B-A3FD-5A00D27E41EA}"
EndProject
Global
	GlobalSection(SolutionConfigurationPlatforms) = preSolution
		Debug|Any CPU = Debug|Any CPU
		Release|Any CPU = Release|Any CPU
	EndGlobalSection
	GlobalSection(ProjectConfigurationPlatforms) = postSolution
		{6C68A109-ADF1-454B-A3FD-5A00D27E41EA}.Debug|Any CPU.ActiveCfg = Debug|Any CPU
		{6C68A109-ADF1-454B-A3FD-5A00D27E41EA}.Debug|Any CPU.Build.0 = Debug|Any CPU
		{6C68A109-ADF1-454B-A3FD-5A00D27E41EA}.Release|Any CPU.ActiveCfg = Release|Any CPU
		{6C68A109-ADF1-454B-A3FD-5A00D27E41EA}.Release|Any CPU.Build.0 = Release|Any CPU
	EndGlobalSection
	GlobalSection(SolutionProperties) = preSolution
		HideSolutionNode = FALSE
	EndGlobalSection
	GlobalSection(ExtensibilityGlobals) = postSolution
		SolutionGuid = {BD25E5CA-CE7B-4F2A-9974-06DA93E16114}
	EndGlobalSection
EndGlobal
