
Microsoft Visual Studio Solution File, Format Version 12.00
# Visual Studio 15
VisualStudioVersion = 15.0.26730.16
MinimumVisualStudioVersion = 10.0.40219.1
Project("{FAE04EC0-301F-11D3-BF4B-00C04F79EFBC}") = "Integer to Hex", "Integer to Hex\Integer to Hex.csproj", "{EECCA37D-D577-432C-922D-77433CED5351}"
EndProject
Global
	GlobalSection(SolutionConfigurationPlatforms) = preSolution
		Debug|Any CPU = Debug|Any CPU
		Release|Any CPU = Release|Any CPU
	EndGlobalSection
	GlobalSection(ProjectConfigurationPlatforms) = postSolution
		{EECCA37D-D577-432C-922D-77433CED5351}.Debug|Any CPU.ActiveCfg = Debug|Any CPU
		{EECCA37D-D577-432C-922D-77433CED5351}.Debug|Any CPU.Build.0 = Debug|Any CPU
		{EECCA37D-D577-432C-922D-77433CED5351}.Release|Any CPU.ActiveCfg = Release|Any CPU
		{EECCA37D-D577-432C-922D-77433CED5351}.Release|Any CPU.Build.0 = Release|Any CPU
	EndGlobalSection
	GlobalSection(SolutionProperties) = preSolution
		HideSolutionNode = FALSE
	EndGlobalSection
	GlobalSection(ExtensibilityGlobals) = postSolution
		SolutionGuid = {3A011AC2-94B4-4721-BDCC-8CDE8306BA6E}
	EndGlobalSection
EndGlobal
