
Microsoft Visual Studio Solution File, Format Version 12.00
# Visual Studio 15
VisualStudioVersion = 15.0.27004.2005
MinimumVisualStudioVersion = 10.0.40219.1
Project("{FAE04EC0-301F-11D3-BF4B-00C04F79EFBC}") = "Printing Triangle", "Printing Triangle\Printing Triangle.csproj", "{107A468D-E20D-4999-A642-6F0469A93719}"
EndProject
Project("{FAE04EC0-301F-11D3-BF4B-00C04F79EFBC}") = "2 var", "2 var\2 var.csproj", "{9528F354-BB36-409B-B089-887EC65E3865}"
EndProject
Global
	GlobalSection(SolutionConfigurationPlatforms) = preSolution
		Debug|Any CPU = Debug|Any CPU
		Release|Any CPU = Release|Any CPU
	EndGlobalSection
	GlobalSection(ProjectConfigurationPlatforms) = postSolution
		{107A468D-E20D-4999-A642-6F0469A93719}.Debug|Any CPU.ActiveCfg = Debug|Any CPU
		{107A468D-E20D-4999-A642-6F0469A93719}.Debug|Any CPU.Build.0 = Debug|Any CPU
		{107A468D-E20D-4999-A642-6F0469A93719}.Release|Any CPU.ActiveCfg = Release|Any CPU
		{107A468D-E20D-4999-A642-6F0469A93719}.Release|Any CPU.Build.0 = Release|Any CPU
		{9528F354-BB36-409B-B089-887EC65E3865}.Debug|Any CPU.ActiveCfg = Debug|Any CPU
		{9528F354-BB36-409B-B089-887EC65E3865}.Debug|Any CPU.Build.0 = Debug|Any CPU
		{9528F354-BB36-409B-B089-887EC65E3865}.Release|Any CPU.ActiveCfg = Release|Any CPU
		{9528F354-BB36-409B-B089-887EC65E3865}.Release|Any CPU.Build.0 = Release|Any CPU
	EndGlobalSection
	GlobalSection(SolutionProperties) = preSolution
		HideSolutionNode = FALSE
	EndGlobalSection
	GlobalSection(ExtensibilityGlobals) = postSolution
		SolutionGuid = {ECA131FC-90B1-4E4D-814E-30F4C077DADB}
	EndGlobalSection
EndGlobal
