
Microsoft Visual Studio Solution File, Format Version 12.00
# Visual Studio 15
VisualStudioVersion = 15.0.26730.16
MinimumVisualStudioVersion = 10.0.40219.1
Project("{FAE04EC0-301F-11D3-BF4B-00C04F79EFBC}") = "Factorial", "Factorial\Factorial.csproj", "{9540EA45-EA0C-45D6-9175-6256E6A05580}"
EndProject
Global
	GlobalSection(SolutionConfigurationPlatforms) = preSolution
		Debug|Any CPU = Debug|Any CPU
		Release|Any CPU = Release|Any CPU
	EndGlobalSection
	GlobalSection(ProjectConfigurationPlatforms) = postSolution
		{9540EA45-EA0C-45D6-9175-6256E6A05580}.Debug|Any CPU.ActiveCfg = Debug|Any CPU
		{9540EA45-EA0C-45D6-9175-6256E6A05580}.Debug|Any CPU.Build.0 = Debug|Any CPU
		{9540EA45-EA0C-45D6-9175-6256E6A05580}.Release|Any CPU.ActiveCfg = Release|Any CPU
		{9540EA45-EA0C-45D6-9175-6256E6A05580}.Release|Any CPU.Build.0 = Release|Any CPU
	EndGlobalSection
	GlobalSection(SolutionProperties) = preSolution
		HideSolutionNode = FALSE
	EndGlobalSection
	GlobalSection(ExtensibilityGlobals) = postSolution
		SolutionGuid = {439C03D0-E477-4009-AA2C-9BEB59558F95}
	EndGlobalSection
EndGlobal
