
Microsoft Visual Studio Solution File, Format Version 12.00
# Visual Studio 15
VisualStudioVersion = 15.0.26730.16
MinimumVisualStudioVersion = 10.0.40219.1
Project("{FAE04EC0-301F-11D3-BF4B-00C04F79EFBC}") = "Elevator", "Elevator\Elevator.csproj", "{BCB03B67-FDC2-451A-BC61-A6DE179988DB}"
EndProject
Global
	GlobalSection(SolutionConfigurationPlatforms) = preSolution
		Debug|Any CPU = Debug|Any CPU
		Release|Any CPU = Release|Any CPU
	EndGlobalSection
	GlobalSection(ProjectConfigurationPlatforms) = postSolution
		{BCB03B67-FDC2-451A-BC61-A6DE179988DB}.Debug|Any CPU.ActiveCfg = Debug|Any CPU
		{BCB03B67-FDC2-451A-BC61-A6DE179988DB}.Debug|Any CPU.Build.0 = Debug|Any CPU
		{BCB03B67-FDC2-451A-BC61-A6DE179988DB}.Release|Any CPU.ActiveCfg = Release|Any CPU
		{BCB03B67-FDC2-451A-BC61-A6DE179988DB}.Release|Any CPU.Build.0 = Release|Any CPU
	EndGlobalSection
	GlobalSection(SolutionProperties) = preSolution
		HideSolutionNode = FALSE
	EndGlobalSection
	GlobalSection(ExtensibilityGlobals) = postSolution
		SolutionGuid = {0CAE1A70-843B-41EF-A3A7-36EAE31ABB72}
	EndGlobalSection
EndGlobal
