
Microsoft Visual Studio Solution File, Format Version 12.00
# Visual Studio 15
VisualStudioVersion = 15.0.26730.16
MinimumVisualStudioVersion = 10.0.40219.1
Project("{FAE04EC0-301F-11D3-BF4B-00C04F79EFBC}") = "Practice Integer Numbers", "Practice Integer Numbers\Practice Integer Numbers.csproj", "{4D456573-2D7C-43AE-AFD2-8B8D7D77E2DB}"
EndProject
Global
	GlobalSection(SolutionConfigurationPlatforms) = preSolution
		Debug|Any CPU = Debug|Any CPU
		Release|Any CPU = Release|Any CPU
	EndGlobalSection
	GlobalSection(ProjectConfigurationPlatforms) = postSolution
		{4D456573-2D7C-43AE-AFD2-8B8D7D77E2DB}.Debug|Any CPU.ActiveCfg = Debug|Any CPU
		{4D456573-2D7C-43AE-AFD2-8B8D7D77E2DB}.Debug|Any CPU.Build.0 = Debug|Any CPU
		{4D456573-2D7C-43AE-AFD2-8B8D7D77E2DB}.Release|Any CPU.ActiveCfg = Release|Any CPU
		{4D456573-2D7C-43AE-AFD2-8B8D7D77E2DB}.Release|Any CPU.Build.0 = Release|Any CPU
	EndGlobalSection
	GlobalSection(SolutionProperties) = preSolution
		HideSolutionNode = FALSE
	EndGlobalSection
	GlobalSection(ExtensibilityGlobals) = postSolution
		SolutionGuid = {0C79D4AA-206F-4FEA-8E92-5F27EE60721B}
	EndGlobalSection
EndGlobal
