
Microsoft Visual Studio Solution File, Format Version 12.00
# Visual Studio 15
VisualStudioVersion = 15.0.26730.16
MinimumVisualStudioVersion = 10.0.40219.1
Project("{FAE04EC0-301F-11D3-BF4B-00C04F79EFBC}") = "Employee Data", "Employee Data\Employee Data.csproj", "{D7AA08D4-F157-4A6A-9F67-7A4767ADC999}"
EndProject
Global
	GlobalSection(SolutionConfigurationPlatforms) = preSolution
		Debug|Any CPU = Debug|Any CPU
		Release|Any CPU = Release|Any CPU
	EndGlobalSection
	GlobalSection(ProjectConfigurationPlatforms) = postSolution
		{D7AA08D4-F157-4A6A-9F67-7A4767ADC999}.Debug|Any CPU.ActiveCfg = Debug|Any CPU
		{D7AA08D4-F157-4A6A-9F67-7A4767ADC999}.Debug|Any CPU.Build.0 = Debug|Any CPU
		{D7AA08D4-F157-4A6A-9F67-7A4767ADC999}.Release|Any CPU.ActiveCfg = Release|Any CPU
		{D7AA08D4-F157-4A6A-9F67-7A4767ADC999}.Release|Any CPU.Build.0 = Release|Any CPU
	EndGlobalSection
	GlobalSection(SolutionProperties) = preSolution
		HideSolutionNode = FALSE
	EndGlobalSection
	GlobalSection(ExtensibilityGlobals) = postSolution
		SolutionGuid = {767B11DF-C038-4575-80CF-CFC32FB618D7}
	EndGlobalSection
EndGlobal
