
Microsoft Visual Studio Solution File, Format Version 12.00
# Visual Studio 15
VisualStudioVersion = 15.0.27004.2005
MinimumVisualStudioVersion = 10.0.40219.1
Project("{FAE04EC0-301F-11D3-BF4B-00C04F79EFBC}") = "Temperature Conversion", "Temperature Conversion\Temperature Conversion.csproj", "{BFC3148E-BDE2-4337-8C9F-0F2363816FD6}"
EndProject
Global
	GlobalSection(SolutionConfigurationPlatforms) = preSolution
		Debug|Any CPU = Debug|Any CPU
		Release|Any CPU = Release|Any CPU
	EndGlobalSection
	GlobalSection(ProjectConfigurationPlatforms) = postSolution
		{BFC3148E-BDE2-4337-8C9F-0F2363816FD6}.Debug|Any CPU.ActiveCfg = Debug|Any CPU
		{BFC3148E-BDE2-4337-8C9F-0F2363816FD6}.Debug|Any CPU.Build.0 = Debug|Any CPU
		{BFC3148E-BDE2-4337-8C9F-0F2363816FD6}.Release|Any CPU.ActiveCfg = Release|Any CPU
		{BFC3148E-BDE2-4337-8C9F-0F2363816FD6}.Release|Any CPU.Build.0 = Release|Any CPU
	EndGlobalSection
	GlobalSection(SolutionProperties) = preSolution
		HideSolutionNode = FALSE
	EndGlobalSection
	GlobalSection(ExtensibilityGlobals) = postSolution
		SolutionGuid = {79D50D55-74F1-4D84-9306-DD8D1FDEF42D}
	EndGlobalSection
EndGlobal
