
Microsoft Visual Studio Solution File, Format Version 12.00
# Visual Studio 15
VisualStudioVersion = 15.0.26730.16
MinimumVisualStudioVersion = 10.0.40219.1
Project("{FAE04EC0-301F-11D3-BF4B-00C04F79EFBC}") = "Variable in Hex Format", "Variable in Hex Format\Variable in Hex Format.csproj", "{490A8598-AB5F-4CCF-8686-7FE7706CB83C}"
EndProject
Global
	GlobalSection(SolutionConfigurationPlatforms) = preSolution
		Debug|Any CPU = Debug|Any CPU
		Release|Any CPU = Release|Any CPU
	EndGlobalSection
	GlobalSection(ProjectConfigurationPlatforms) = postSolution
		{490A8598-AB5F-4CCF-8686-7FE7706CB83C}.Debug|Any CPU.ActiveCfg = Debug|Any CPU
		{490A8598-AB5F-4CCF-8686-7FE7706CB83C}.Debug|Any CPU.Build.0 = Debug|Any CPU
		{490A8598-AB5F-4CCF-8686-7FE7706CB83C}.Release|Any CPU.ActiveCfg = Release|Any CPU
		{490A8598-AB5F-4CCF-8686-7FE7706CB83C}.Release|Any CPU.Build.0 = Release|Any CPU
	EndGlobalSection
	GlobalSection(SolutionProperties) = preSolution
		HideSolutionNode = FALSE
	EndGlobalSection
	GlobalSection(ExtensibilityGlobals) = postSolution
		SolutionGuid = {9B890547-A557-4173-8E05-F48D63734C60}
	EndGlobalSection
EndGlobal
