
Microsoft Visual Studio Solution File, Format Version 12.00
# Visual Studio 15
VisualStudioVersion = 15.0.27004.2005
MinimumVisualStudioVersion = 10.0.40219.1
Project("{FAE04EC0-301F-11D3-BF4B-00C04F79EFBC}") = "Logs Aggregator", "Logs Aggregator\Logs Aggregator.csproj", "{9262A9F6-51F9-4F56-980F-1AA6EF9899F0}"
EndProject
Project("{FAE04EC0-301F-11D3-BF4B-00C04F79EFBC}") = "2 var", "..\2 var\2 var.csproj", "{BD69DDFD-178C-4A45-97AA-EA4F9B36E449}"
EndProject
Global
	GlobalSection(SolutionConfigurationPlatforms) = preSolution
		Debug|Any CPU = Debug|Any CPU
		Release|Any CPU = Release|Any CPU
	EndGlobalSection
	GlobalSection(ProjectConfigurationPlatforms) = postSolution
		{9262A9F6-51F9-4F56-980F-1AA6EF9899F0}.Debug|Any CPU.ActiveCfg = Debug|Any CPU
		{9262A9F6-51F9-4F56-980F-1AA6EF9899F0}.Debug|Any CPU.Build.0 = Debug|Any CPU
		{9262A9F6-51F9-4F56-980F-1AA6EF9899F0}.Release|Any CPU.ActiveCfg = Release|Any CPU
		{9262A9F6-51F9-4F56-980F-1AA6EF9899F0}.Release|Any CPU.Build.0 = Release|Any CPU
		{BD69DDFD-178C-4A45-97AA-EA4F9B36E449}.Debug|Any CPU.ActiveCfg = Debug|Any CPU
		{BD69DDFD-178C-4A45-97AA-EA4F9B36E449}.Debug|Any CPU.Build.0 = Debug|Any CPU
		{BD69DDFD-178C-4A45-97AA-EA4F9B36E449}.Release|Any CPU.ActiveCfg = Release|Any CPU
		{BD69DDFD-178C-4A45-97AA-EA4F9B36E449}.Release|Any CPU.Build.0 = Release|Any CPU
	EndGlobalSection
	GlobalSection(SolutionProperties) = preSolution
		HideSolutionNode = FALSE
	EndGlobalSection
	GlobalSection(ExtensibilityGlobals) = postSolution
		SolutionGuid = {0C2ABACC-FE76-4E3D-B0F8-81ECBE54C588}
	EndGlobalSection
EndGlobal
